
Microsoft Visual Studio Solution File, Format Version 12.00
# Visual Studio Version 16
VisualStudioVersion = 16.0.32228.343
MinimumVisualStudioVersion = 10.0.40219.1
Project("{FAE04EC0-301F-11D3-BF4B-00C04F79EFBC}") = "Egg", "Egg.csproj", "{DF26EA89-B1D8-4797-BDA3-B05F21DEA507}"
EndProject
Global
	GlobalSection(SolutionConfigurationPlatforms) = preSolution
		Debug|Any CPU = Debug|Any CPU
		Release|Any CPU = Release|Any CPU
	EndGlobalSection
	GlobalSection(ProjectConfigurationPlatforms) = postSolution
		{DF26EA89-B1D8-4797-BDA3-B05F21DEA507}.Debug|Any CPU.ActiveCfg = Debug|Any CPU
		{DF26EA89-B1D8-4797-BDA3-B05F21DEA507}.Debug|Any CPU.Build.0 = Debug|Any CPU
		{DF26EA89-B1D8-4797-BDA3-B05F21DEA507}.Release|Any CPU.ActiveCfg = Release|Any CPU
		{DF26EA89-B1D8-4797-BDA3-B05F21DEA507}.Release|Any CPU.Build.0 = Release|Any CPU
	EndGlobalSection
	GlobalSection(SolutionProperties) = preSolution
		HideSolutionNode = FALSE
	EndGlobalSection
	GlobalSection(ExtensibilityGlobals) = postSolution
		SolutionGuid = {0815C429-F344-4595-99D2-E509AE37070A}
	EndGlobalSection
EndGlobal
